<?xml version="1.0" encoding="utf-8"?>
<Project xmlns="http://schemas.microsoft.com/developer/msbuild/2003" ToolsVersion="4.0">
  <ItemGroup>
    <Filter Include="Header Files">
      <UniqueIdentifier>{99BBB085-FCB0-4CAE-BE33-84E071180947}</UniqueIdentifier>
      <Extensions>h;hpp</Extensions>
    </Filter>
    <Filter Include="Source Files">
      <UniqueIdentifier>{6269F277-6074-44F6-BDCE-EBAE965D1DEF}</UniqueIdentifier>
      <Extensions>cpp;c</Extensions>
    </Filter>
    <Filter Include="Resource Files">
      <UniqueIdentifier>{D2C72C63-DF5C-40B1-96A4-F674BD6ABB79}</UniqueIdentifier>
      <Extensions>hlsl;jpg;jpeg;png;wav;mp3;ico;dds;rc;obj</Extensions>
    </Filter>
  </ItemGroup>
  <ItemGroup>
    <ClCompile Include="..\..\..\src\snake\main.cpp">
      <Filter>Source Files</Filter>
    </ClCompile>
    <ClCompile Include="..\..\..\src\snake\pch.cpp">
      <Filter>Source Files</Filter>
    </ClCompile>
    <ClInclude Include="..\..\..\src\snake\main.h">
      <Filter>Header Files</Filter>
    </ClInclude>
    <ClInclude Include="..\..\..\src\snake\pch.h">
      <Filter>Header Files</Filter>
    </ClInclude>
    <ClInclude Include="..\..\..\src\snake\resource.h">
      <Filter>Header Files</Filter>
    </ClInclude>
    <None Include="..\..\..\src\snake\app.ico">
      <Filter>Resource Files</Filter>
    </None>
    <None Include="..\..\..\src\snake\app.rc">
      <Filter>Resource Files</Filter>
    </None>
    <None Include="..\..\..\src\snake\small.ico">
      <Filter>Resource Files</Filter>
    </None>
    <ClCompile Include="..\..\..\src\snake\Game.cpp">
      <Filter>Source Files</Filter>
    </ClCompile>
    <ClCompile Include="..\..\..\src\snake\Snake.cpp">
      <Filter>Source Files</Filter>
    </ClCompile>
    <ClCompile Include="..\..\..\src\snake\Food.cpp">
      <Filter>Source Files</Filter>
    </ClCompile>
  </ItemGroup>
  <ItemGroup>
    <ClInclude Include="..\..\..\src\snake\Game.h">
      <Filter>Header Files</Filter>
    </ClInclude>
    <ClInclude Include="..\..\..\src\snake\Snake.h">
      <Filter>Header Files</Filter>
    </ClInclude>
    <ClInclude Include="..\..\..\src\snake\Food.h">
      <Filter>Header Files</Filter>
    </ClInclude>
  </ItemGroup>
</Project>